Microsoft Visual Studio Solution File, Format Version 12.00
# Visual Studio Version 17
VisualStudioVersion = 17.0.31903.59
MinimumVisualStudioVersion = 10.0.40219.1
Project("{2150E333-8FDC-42A3-9474-1A3956D46DE8}") = "src", "src", "{8C4F7A9E-1234-4567-89AB-CDEF12345678}"
EndProject
Project("{2150E333-8FDC-42A3-9474-1A3956D46DE8}") = "tests", "tests", "{9D5F8B0F-2345-5678-90BC-DEF123456789}"
EndProject
Project("{FAE04EC0-301F-11D3-BF4B-00C04F79EFBC}") = "NatsSandbox", "src\NatsSandbox\NatsSandbox.csproj", "{1A2B3C4D-5E6F-7890-ABCD-EF1234567890}"
EndProject
Project("{FAE04EC0-301F-11D3-BF4B-00C04F79EFBC}") = "NatsSandbox.Tests", "tests\NatsSandbox.Tests\NatsSandbox.Tests.csproj", "{2B3C4D5E-6F78-9012-BCDE-F12345678901}"
EndProject
Global
	GlobalSection(SolutionConfigurationPlatforms) = preSolution
		Debug|Any CPU = Debug|Any CPU
		Release|Any CPU = Release|Any CPU
	EndGlobalSection
	GlobalSection(ProjectConfigurationPlatforms) = postSolution
		{1A2B3C4D-5E6F-7890-ABCD-EF1234567890}.Debug|Any CPU.ActiveCfg = Debug|Any CPU
		{1A2B3C4D-5E6F-7890-ABCD-EF1234567890}.Debug|Any CPU.Build.0 = Debug|Any CPU
		{1A2B3C4D-5E6F-7890-ABCD-EF1234567890}.Release|Any CPU.ActiveCfg = Release|Any CPU
		{1A2B3C4D-5E6F-7890-ABCD-EF1234567890}.Release|Any CPU.Build.0 = Release|Any CPU
		{2B3C4D5E-6F78-9012-BCDE-F12345678901}.Debug|Any CPU.ActiveCfg = Debug|Any CPU
		{2B3C4D5E-6F78-9012-BCDE-F12345678901}.Debug|Any CPU.Build.0 = Debug|Any CPU
		{2B3C4D5E-6F78-9012-BCDE-F12345678901}.Release|Any CPU.ActiveCfg = Release|Any CPU
		{2B3C4D5E-6F78-9012-BCDE-F12345678901}.Release|Any CPU.Build.0 = Release|Any CPU
	EndGlobalSection
	GlobalSection(SolutionProperties) = preSolution
		HideSolutionNode = FALSE
	EndGlobalSection
	GlobalSection(NestedProjects) = preSolution
		{1A2B3C4D-5E6F-7890-ABCD-EF1234567890} = {8C4F7A9E-1234-4567-89AB-CDEF12345678}
		{2B3C4D5E-6F78-9012-BCDE-F12345678901} = {9D5F8B0F-2345-5678-90BC-DEF123456789}
	EndGlobalSection
EndGlobal
